
Microsoft Visual Studio Solution File, Format Version 12.00
# Visual Studio Version 17
VisualStudioVersion = 17.0.31919.166
MinimumVisualStudioVersion = 10.0.40219.1
Project("{FAE04EC0-301F-11D3-BF4B-00C04F79EFBC}") = "entrada_de_dados", "entrada_de_dados\entrada_de_dados.csproj", "{C312DE9D-BD96-450A-BB7D-40EE10DCE2DF}"
EndProject
Global
	GlobalSection(SolutionConfigurationPlatforms) = preSolution
		Debug|Any CPU = Debug|Any CPU
		Release|Any CPU = Release|Any CPU
	EndGlobalSection
	GlobalSection(ProjectConfigurationPlatforms) = postSolution
		{C312DE9D-BD96-450A-BB7D-40EE10DCE2DF}.Debug|Any CPU.ActiveCfg = Debug|Any CPU
		{C312DE9D-BD96-450A-BB7D-40EE10DCE2DF}.Debug|Any CPU.Build.0 = Debug|Any CPU
		{C312DE9D-BD96-450A-BB7D-40EE10DCE2DF}.Release|Any CPU.ActiveCfg = Release|Any CPU
		{C312DE9D-BD96-450A-BB7D-40EE10DCE2DF}.Release|Any CPU.Build.0 = Release|Any CPU
	EndGlobalSection
	GlobalSection(SolutionProperties) = preSolution
		HideSolutionNode = FALSE
	EndGlobalSection
	GlobalSection(ExtensibilityGlobals) = postSolution
		SolutionGuid = {5343B4CE-02B0-4D5F-B958-CD671DEF6A9C}
	EndGlobalSection
EndGlobal
